
Microsoft Visual Studio Solution File, Format Version 12.00
# Visual Studio Version 17
VisualStudioVersion = 17.0.31903.59
MinimumVisualStudioVersion = 10.0.40219.1
Project("{FAE04EC0-301F-11D3-BF4B-00C04F79EFBC}") = "InitialApplicationMVC", "InitialApplicationMVC\InitialApplicationMVC.csproj", "{AFC5C18C-7D6A-4BB9-A9C2-3FA33EDCB091}"
EndProject
Project("{FAE04EC0-301F-11D3-BF4B-00C04F79EFBC}") = "InitialRazorPges", "InitialRazorPges\InitialRazorPges.csproj", "{C3EA4767-AD66-4B42-A193-EE4E827020CC}"
EndProject
Project("{FAE04EC0-301F-11D3-BF4B-00C04F79EFBC}") = "CarvedRock-RazorPages", "CarvedRock-RazorPages\CarvedRock-RazorPages.csproj", "{45B068F0-8B80-4608-91D9-46090AF130DE}"
EndProject
Global
	GlobalSection(SolutionConfigurationPlatforms) = preSolution
		Debug|Any CPU = Debug|Any CPU
		Debug|x64 = Debug|x64
		Debug|x86 = Debug|x86
		Release|Any CPU = Release|Any CPU
		Release|x64 = Release|x64
		Release|x86 = Release|x86
	EndGlobalSection
	GlobalSection(ProjectConfigurationPlatforms) = postSolution
		{AFC5C18C-7D6A-4BB9-A9C2-3FA33EDCB091}.Debug|Any CPU.ActiveCfg = Debug|Any CPU
		{AFC5C18C-7D6A-4BB9-A9C2-3FA33EDCB091}.Debug|Any CPU.Build.0 = Debug|Any CPU
		{AFC5C18C-7D6A-4BB9-A9C2-3FA33EDCB091}.Debug|x64.ActiveCfg = Debug|Any CPU
		{AFC5C18C-7D6A-4BB9-A9C2-3FA33EDCB091}.Debug|x64.Build.0 = Debug|Any CPU
		{AFC5C18C-7D6A-4BB9-A9C2-3FA33EDCB091}.Debug|x86.ActiveCfg = Debug|Any CPU
		{AFC5C18C-7D6A-4BB9-A9C2-3FA33EDCB091}.Debug|x86.Build.0 = Debug|Any CPU
		{AFC5C18C-7D6A-4BB9-A9C2-3FA33EDCB091}.Release|Any CPU.ActiveCfg = Release|Any CPU
		{AFC5C18C-7D6A-4BB9-A9C2-3FA33EDCB091}.Release|Any CPU.Build.0 = Release|Any CPU
		{AFC5C18C-7D6A-4BB9-A9C2-3FA33EDCB091}.Release|x64.ActiveCfg = Release|Any CPU
		{AFC5C18C-7D6A-4BB9-A9C2-3FA33EDCB091}.Release|x64.Build.0 = Release|Any CPU
		{AFC5C18C-7D6A-4BB9-A9C2-3FA33EDCB091}.Release|x86.ActiveCfg = Release|Any CPU
		{AFC5C18C-7D6A-4BB9-A9C2-3FA33EDCB091}.Release|x86.Build.0 = Release|Any CPU
		{C3EA4767-AD66-4B42-A193-EE4E827020CC}.Debug|Any CPU.ActiveCfg = Debug|Any CPU
		{C3EA4767-AD66-4B42-A193-EE4E827020CC}.Debug|Any CPU.Build.0 = Debug|Any CPU
		{C3EA4767-AD66-4B42-A193-EE4E827020CC}.Debug|x64.ActiveCfg = Debug|Any CPU
		{C3EA4767-AD66-4B42-A193-EE4E827020CC}.Debug|x64.Build.0 = Debug|Any CPU
		{C3EA4767-AD66-4B42-A193-EE4E827020CC}.Debug|x86.ActiveCfg = Debug|Any CPU
		{C3EA4767-AD66-4B42-A193-EE4E827020CC}.Debug|x86.Build.0 = Debug|Any CPU
		{C3EA4767-AD66-4B42-A193-EE4E827020CC}.Release|Any CPU.ActiveCfg = Release|Any CPU
		{C3EA4767-AD66-4B42-A193-EE4E827020CC}.Release|Any CPU.Build.0 = Release|Any CPU
		{C3EA4767-AD66-4B42-A193-EE4E827020CC}.Release|x64.ActiveCfg = Release|Any CPU
		{C3EA4767-AD66-4B42-A193-EE4E827020CC}.Release|x64.Build.0 = Release|Any CPU
		{C3EA4767-AD66-4B42-A193-EE4E827020CC}.Release|x86.ActiveCfg = Release|Any CPU
		{C3EA4767-AD66-4B42-A193-EE4E827020CC}.Release|x86.Build.0 = Release|Any CPU
		{45B068F0-8B80-4608-91D9-46090AF130DE}.Debug|Any CPU.ActiveCfg = Debug|Any CPU
		{45B068F0-8B80-4608-91D9-46090AF130DE}.Debug|Any CPU.Build.0 = Debug|Any CPU
		{45B068F0-8B80-4608-91D9-46090AF130DE}.Debug|x64.ActiveCfg = Debug|Any CPU
		{45B068F0-8B80-4608-91D9-46090AF130DE}.Debug|x64.Build.0 = Debug|Any CPU
		{45B068F0-8B80-4608-91D9-46090AF130DE}.Debug|x86.ActiveCfg = Debug|Any CPU
		{45B068F0-8B80-4608-91D9-46090AF130DE}.Debug|x86.Build.0 = Debug|Any CPU
		{45B068F0-8B80-4608-91D9-46090AF130DE}.Release|Any CPU.ActiveCfg = Release|Any CPU
		{45B068F0-8B80-4608-91D9-46090AF130DE}.Release|Any CPU.Build.0 = Release|Any CPU
		{45B068F0-8B80-4608-91D9-46090AF130DE}.Release|x64.ActiveCfg = Release|Any CPU
		{45B068F0-8B80-4608-91D9-46090AF130DE}.Release|x64.Build.0 = Release|Any CPU
		{45B068F0-8B80-4608-91D9-46090AF130DE}.Release|x86.ActiveCfg = Release|Any CPU
		{45B068F0-8B80-4608-91D9-46090AF130DE}.Release|x86.Build.0 = Release|Any CPU
	EndGlobalSection
	GlobalSection(SolutionProperties) = preSolution
		HideSolutionNode = FALSE
	EndGlobalSection
EndGlobal
